
Microsoft Visual Studio Solution File, Format Version 12.00
# Visual Studio Version 17
VisualStudioVersion = 17.0.31903.59
MinimumVisualStudioVersion = 10.0.40219.1
Project("{FAE04EC0-301F-11D3-BF4B-00C04F79EFBC}") = "WebApi", "WebApi\WebApi.csproj", "{B0B449EC-D81B-483F-88E0-0611CA607566}"
EndProject
Project("{2150E333-8FDC-42A3-9474-1A3956D46DE8}") = "Behavioral", "Behavioral", "{26DBFC19-437C-4F90-1A5A-542F2D728CEE}"
EndProject
Project("{FAE04EC0-301F-11D3-BF4B-00C04F79EFBC}") = "ChainOfResponsibilityPattern", "Behavioral\ChainOfResponsibilityPattern\ChainOfResponsibilityPattern.csproj", "{832FCAA2-A072-42B8-BD4F-BA953159AFE6}"
EndProject
Project("{FAE04EC0-301F-11D3-BF4B-00C04F79EFBC}") = "CommandPattern", "Behavioral\CommandPattern\CommandPattern.csproj", "{D7F0EA71-6E25-4195-9325-6EB9865EF94B}"
EndProject
Project("{FAE04EC0-301F-11D3-BF4B-00C04F79EFBC}") = "InterpreterPattern", "Behavioral\InterpreterPattern\InterpreterPattern.csproj", "{049B6E14-3721-443C-8008-1A4B3D5048F7}"
EndProject
Project("{FAE04EC0-301F-11D3-BF4B-00C04F79EFBC}") = "IteratorPattern", "Behavioral\IteratorPattern\IteratorPattern.csproj", "{410A70D2-EA80-42CC-9598-4C7E7AC046E9}"
EndProject
Project("{FAE04EC0-301F-11D3-BF4B-00C04F79EFBC}") = "MediatorPattern", "Behavioral\MediatorPattern\MediatorPattern.csproj", "{599F2CFA-5CB2-421C-B2FC-C22C7493C5D9}"
EndProject
Project("{FAE04EC0-301F-11D3-BF4B-00C04F79EFBC}") = "MementoPattern", "Behavioral\MementoPattern\MementoPattern.csproj", "{636D4C92-A3F5-47F3-A119-6A582162C35D}"
EndProject
Project("{FAE04EC0-301F-11D3-BF4B-00C04F79EFBC}") = "ObserverPattern", "Behavioral\ObserverPattern\ObserverPattern.csproj", "{695AC2E5-A89C-4360-8082-89B180251264}"
EndProject
Project("{FAE04EC0-301F-11D3-BF4B-00C04F79EFBC}") = "StatePattern", "Behavioral\StatePattern\StatePattern.csproj", "{3746CA9E-04E7-45B6-A5F2-D56C0301F3BC}"
EndProject
Project("{FAE04EC0-301F-11D3-BF4B-00C04F79EFBC}") = "StrategyPattern", "Behavioral\StrategyPattern\StrategyPattern.csproj", "{DEF3F4B2-E13E-40A0-B013-547B1C0B3AD5}"
EndProject
Project("{FAE04EC0-301F-11D3-BF4B-00C04F79EFBC}") = "TemplateMethodPattern", "Behavioral\TemplateMethodPattern\TemplateMethodPattern.csproj", "{5A716550-93CB-4D58-B3B4-4CFAF42E7D3E}"
EndProject
Project("{FAE04EC0-301F-11D3-BF4B-00C04F79EFBC}") = "VisitorPattern", "Behavioral\VisitorPattern\VisitorPattern.csproj", "{3613868D-4A9A-439F-A818-C87046643EBD}"
EndProject
Project("{2150E333-8FDC-42A3-9474-1A3956D46DE8}") = "Creational", "Creational", "{56A9F078-40C9-3DDD-7DA3-B5A4BF238A7F}"
EndProject
Project("{FAE04EC0-301F-11D3-BF4B-00C04F79EFBC}") = "SingletonPattern", "Creational\SingletonPattern\SingletonPattern.csproj", "{65176A93-B3DC-4659-9EB3-328EFC75963A}"
EndProject
Project("{FAE04EC0-301F-11D3-BF4B-00C04F79EFBC}") = "FactoryMethodPattern", "Creational\FactoryMethodPattern\FactoryMethodPattern.csproj", "{FBDFDEEE-17B7-49A6-AE07-34A27E712EC3}"
EndProject
Project("{FAE04EC0-301F-11D3-BF4B-00C04F79EFBC}") = "AbstractFactoryPattern", "Creational\AbstractFactoryPattern\AbstractFactoryPattern.csproj", "{65E126FE-3EE7-494C-AFC7-BEDC80449833}"
EndProject
Project("{FAE04EC0-301F-11D3-BF4B-00C04F79EFBC}") = "BuilderPattern", "Creational\BuilderPattern\BuilderPattern.csproj", "{3F6BDEA3-0A17-4FAC-A17B-7CF927AB8B8C}"
EndProject
Project("{FAE04EC0-301F-11D3-BF4B-00C04F79EFBC}") = "PrototypePattern", "Creational\PrototypePattern\PrototypePattern.csproj", "{D21932FB-132F-4BCD-BE58-ED38198FAD35}"
EndProject
Project("{2150E333-8FDC-42A3-9474-1A3956D46DE8}") = "Structural", "Structural", "{AAFBD153-24CA-142F-8D87-E9EA6ABB24FE}"
EndProject
Project("{FAE04EC0-301F-11D3-BF4B-00C04F79EFBC}") = "AdapterPattern", "Structural\AdapterPattern\AdapterPattern.csproj", "{37EA79ED-E7C6-4390-878D-0386D4EF1043}"
EndProject
Project("{FAE04EC0-301F-11D3-BF4B-00C04F79EFBC}") = "BridgePattern", "Structural\BridgePattern\BridgePattern.csproj", "{A0D4A444-9B38-4E81-B550-10391A2EB2CD}"
EndProject
Project("{FAE04EC0-301F-11D3-BF4B-00C04F79EFBC}") = "CompositePattern", "Structural\CompositePattern\CompositePattern.csproj", "{2797CB03-4A01-4674-A17E-3B3D6550C144}"
EndProject
Project("{FAE04EC0-301F-11D3-BF4B-00C04F79EFBC}") = "DecoratorPattern", "Structural\DecoratorPattern\DecoratorPattern.csproj", "{9E8765F2-F5EC-4139-BC22-FF9EBA06BB5B}"
EndProject
Project("{FAE04EC0-301F-11D3-BF4B-00C04F79EFBC}") = "FacadePattern", "Structural\FacadePattern\FacadePattern.csproj", "{5B95D60A-B69E-4A4F-821B-91A187DF3B73}"
EndProject
Project("{FAE04EC0-301F-11D3-BF4B-00C04F79EFBC}") = "FlyweightPattern", "Structural\FlyweightPattern\FlyweightPattern.csproj", "{D2B498A7-E02C-4F31-B148-FA113329D2FC}"
EndProject
Project("{FAE04EC0-301F-11D3-BF4B-00C04F79EFBC}") = "ProxyPattern", "Structural\ProxyPattern\ProxyPattern.csproj", "{ECB0CA81-AA8B-41D5-B782-26D7C881772A}"
EndProject
Global
	GlobalSection(SolutionConfigurationPlatforms) = preSolution
		Debug|Any CPU = Debug|Any CPU
		Debug|x64 = Debug|x64
		Debug|x86 = Debug|x86
		Release|Any CPU = Release|Any CPU
		Release|x64 = Release|x64
		Release|x86 = Release|x86
	EndGlobalSection
	GlobalSection(ProjectConfigurationPlatforms) = postSolution
		{B0B449EC-D81B-483F-88E0-0611CA607566}.Debug|Any CPU.ActiveCfg = Debug|Any CPU
		{B0B449EC-D81B-483F-88E0-0611CA607566}.Debug|Any CPU.Build.0 = Debug|Any CPU
		{B0B449EC-D81B-483F-88E0-0611CA607566}.Debug|x64.ActiveCfg = Debug|Any CPU
		{B0B449EC-D81B-483F-88E0-0611CA607566}.Debug|x64.Build.0 = Debug|Any CPU
		{B0B449EC-D81B-483F-88E0-0611CA607566}.Debug|x86.ActiveCfg = Debug|Any CPU
		{B0B449EC-D81B-483F-88E0-0611CA607566}.Debug|x86.Build.0 = Debug|Any CPU
		{B0B449EC-D81B-483F-88E0-0611CA607566}.Release|Any CPU.ActiveCfg = Release|Any CPU
		{B0B449EC-D81B-483F-88E0-0611CA607566}.Release|Any CPU.Build.0 = Release|Any CPU
		{B0B449EC-D81B-483F-88E0-0611CA607566}.Release|x64.ActiveCfg = Release|Any CPU
		{B0B449EC-D81B-483F-88E0-0611CA607566}.Release|x64.Build.0 = Release|Any CPU
		{B0B449EC-D81B-483F-88E0-0611CA607566}.Release|x86.ActiveCfg = Release|Any CPU
		{B0B449EC-D81B-483F-88E0-0611CA607566}.Release|x86.Build.0 = Release|Any CPU
		{832FCAA2-A072-42B8-BD4F-BA953159AFE6}.Debug|Any CPU.ActiveCfg = Debug|Any CPU
		{832FCAA2-A072-42B8-BD4F-BA953159AFE6}.Debug|Any CPU.Build.0 = Debug|Any CPU
		{832FCAA2-A072-42B8-BD4F-BA953159AFE6}.Debug|x64.ActiveCfg = Debug|Any CPU
		{832FCAA2-A072-42B8-BD4F-BA953159AFE6}.Debug|x64.Build.0 = Debug|Any CPU
		{832FCAA2-A072-42B8-BD4F-BA953159AFE6}.Debug|x86.ActiveCfg = Debug|Any CPU
		{832FCAA2-A072-42B8-BD4F-BA953159AFE6}.Debug|x86.Build.0 = Debug|Any CPU
		{832FCAA2-A072-42B8-BD4F-BA953159AFE6}.Release|Any CPU.ActiveCfg = Release|Any CPU
		{832FCAA2-A072-42B8-BD4F-BA953159AFE6}.Release|Any CPU.Build.0 = Release|Any CPU
		{832FCAA2-A072-42B8-BD4F-BA953159AFE6}.Release|x64.ActiveCfg = Release|Any CPU
		{832FCAA2-A072-42B8-BD4F-BA953159AFE6}.Release|x64.Build.0 = Release|Any CPU
		{832FCAA2-A072-42B8-BD4F-BA953159AFE6}.Release|x86.ActiveCfg = Release|Any CPU
		{832FCAA2-A072-42B8-BD4F-BA953159AFE6}.Release|x86.Build.0 = Release|Any CPU
		{D7F0EA71-6E25-4195-9325-6EB9865EF94B}.Debug|Any CPU.ActiveCfg = Debug|Any CPU
		{D7F0EA71-6E25-4195-9325-6EB9865EF94B}.Debug|Any CPU.Build.0 = Debug|Any CPU
		{D7F0EA71-6E25-4195-9325-6EB9865EF94B}.Debug|x64.ActiveCfg = Debug|Any CPU
		{D7F0EA71-6E25-4195-9325-6EB9865EF94B}.Debug|x64.Build.0 = Debug|Any CPU
		{D7F0EA71-6E25-4195-9325-6EB9865EF94B}.Debug|x86.ActiveCfg = Debug|Any CPU
		{D7F0EA71-6E25-4195-9325-6EB9865EF94B}.Debug|x86.Build.0 = Debug|Any CPU
		{D7F0EA71-6E25-4195-9325-6EB9865EF94B}.Release|Any CPU.ActiveCfg = Release|Any CPU
		{D7F0EA71-6E25-4195-9325-6EB9865EF94B}.Release|Any CPU.Build.0 = Release|Any CPU
		{D7F0EA71-6E25-4195-9325-6EB9865EF94B}.Release|x64.ActiveCfg = Release|Any CPU
		{D7F0EA71-6E25-4195-9325-6EB9865EF94B}.Release|x64.Build.0 = Release|Any CPU
		{D7F0EA71-6E25-4195-9325-6EB9865EF94B}.Release|x86.ActiveCfg = Release|Any CPU
		{D7F0EA71-6E25-4195-9325-6EB9865EF94B}.Release|x86.Build.0 = Release|Any CPU
		{049B6E14-3721-443C-8008-1A4B3D5048F7}.Debug|Any CPU.ActiveCfg = Debug|Any CPU
		{049B6E14-3721-443C-8008-1A4B3D5048F7}.Debug|Any CPU.Build.0 = Debug|Any CPU
		{049B6E14-3721-443C-8008-1A4B3D5048F7}.Debug|x64.ActiveCfg = Debug|Any CPU
		{049B6E14-3721-443C-8008-1A4B3D5048F7}.Debug|x64.Build.0 = Debug|Any CPU
		{049B6E14-3721-443C-8008-1A4B3D5048F7}.Debug|x86.ActiveCfg = Debug|Any CPU
		{049B6E14-3721-443C-8008-1A4B3D5048F7}.Debug|x86.Build.0 = Debug|Any CPU
		{049B6E14-3721-443C-8008-1A4B3D5048F7}.Release|Any CPU.ActiveCfg = Release|Any CPU
		{049B6E14-3721-443C-8008-1A4B3D5048F7}.Release|Any CPU.Build.0 = Release|Any CPU
		{049B6E14-3721-443C-8008-1A4B3D5048F7}.Release|x64.ActiveCfg = Release|Any CPU
		{049B6E14-3721-443C-8008-1A4B3D5048F7}.Release|x64.Build.0 = Release|Any CPU
		{049B6E14-3721-443C-8008-1A4B3D5048F7}.Release|x86.ActiveCfg = Release|Any CPU
		{049B6E14-3721-443C-8008-1A4B3D5048F7}.Release|x86.Build.0 = Release|Any CPU
		{410A70D2-EA80-42CC-9598-4C7E7AC046E9}.Debug|Any CPU.ActiveCfg = Debug|Any CPU
		{410A70D2-EA80-42CC-9598-4C7E7AC046E9}.Debug|Any CPU.Build.0 = Debug|Any CPU
		{410A70D2-EA80-42CC-9598-4C7E7AC046E9}.Debug|x64.ActiveCfg = Debug|Any CPU
		{410A70D2-EA80-42CC-9598-4C7E7AC046E9}.Debug|x64.Build.0 = Debug|Any CPU
		{410A70D2-EA80-42CC-9598-4C7E7AC046E9}.Debug|x86.ActiveCfg = Debug|Any CPU
		{410A70D2-EA80-42CC-9598-4C7E7AC046E9}.Debug|x86.Build.0 = Debug|Any CPU
		{410A70D2-EA80-42CC-9598-4C7E7AC046E9}.Release|Any CPU.ActiveCfg = Release|Any CPU
		{410A70D2-EA80-42CC-9598-4C7E7AC046E9}.Release|Any CPU.Build.0 = Release|Any CPU
		{410A70D2-EA80-42CC-9598-4C7E7AC046E9}.Release|x64.ActiveCfg = Release|Any CPU
		{410A70D2-EA80-42CC-9598-4C7E7AC046E9}.Release|x64.Build.0 = Release|Any CPU
		{410A70D2-EA80-42CC-9598-4C7E7AC046E9}.Release|x86.ActiveCfg = Release|Any CPU
		{410A70D2-EA80-42CC-9598-4C7E7AC046E9}.Release|x86.Build.0 = Release|Any CPU
		{599F2CFA-5CB2-421C-B2FC-C22C7493C5D9}.Debug|Any CPU.ActiveCfg = Debug|Any CPU
		{599F2CFA-5CB2-421C-B2FC-C22C7493C5D9}.Debug|Any CPU.Build.0 = Debug|Any CPU
		{599F2CFA-5CB2-421C-B2FC-C22C7493C5D9}.Debug|x64.ActiveCfg = Debug|Any CPU
		{599F2CFA-5CB2-421C-B2FC-C22C7493C5D9}.Debug|x64.Build.0 = Debug|Any CPU
		{599F2CFA-5CB2-421C-B2FC-C22C7493C5D9}.Debug|x86.ActiveCfg = Debug|Any CPU
		{599F2CFA-5CB2-421C-B2FC-C22C7493C5D9}.Debug|x86.Build.0 = Debug|Any CPU
		{599F2CFA-5CB2-421C-B2FC-C22C7493C5D9}.Release|Any CPU.ActiveCfg = Release|Any CPU
		{599F2CFA-5CB2-421C-B2FC-C22C7493C5D9}.Release|Any CPU.Build.0 = Release|Any CPU
		{599F2CFA-5CB2-421C-B2FC-C22C7493C5D9}.Release|x64.ActiveCfg = Release|Any CPU
		{599F2CFA-5CB2-421C-B2FC-C22C7493C5D9}.Release|x64.Build.0 = Release|Any CPU
		{599F2CFA-5CB2-421C-B2FC-C22C7493C5D9}.Release|x86.ActiveCfg = Release|Any CPU
		{599F2CFA-5CB2-421C-B2FC-C22C7493C5D9}.Release|x86.Build.0 = Release|Any CPU
		{636D4C92-A3F5-47F3-A119-6A582162C35D}.Debug|Any CPU.ActiveCfg = Debug|Any CPU
		{636D4C92-A3F5-47F3-A119-6A582162C35D}.Debug|Any CPU.Build.0 = Debug|Any CPU
		{636D4C92-A3F5-47F3-A119-6A582162C35D}.Debug|x64.ActiveCfg = Debug|Any CPU
		{636D4C92-A3F5-47F3-A119-6A582162C35D}.Debug|x64.Build.0 = Debug|Any CPU
		{636D4C92-A3F5-47F3-A119-6A582162C35D}.Debug|x86.ActiveCfg = Debug|Any CPU
		{636D4C92-A3F5-47F3-A119-6A582162C35D}.Debug|x86.Build.0 = Debug|Any CPU
		{636D4C92-A3F5-47F3-A119-6A582162C35D}.Release|Any CPU.ActiveCfg = Release|Any CPU
		{636D4C92-A3F5-47F3-A119-6A582162C35D}.Release|Any CPU.Build.0 = Release|Any CPU
		{636D4C92-A3F5-47F3-A119-6A582162C35D}.Release|x64.ActiveCfg = Release|Any CPU
		{636D4C92-A3F5-47F3-A119-6A582162C35D}.Release|x64.Build.0 = Release|Any CPU
		{636D4C92-A3F5-47F3-A119-6A582162C35D}.Release|x86.ActiveCfg = Release|Any CPU
		{636D4C92-A3F5-47F3-A119-6A582162C35D}.Release|x86.Build.0 = Release|Any CPU
		{695AC2E5-A89C-4360-8082-89B180251264}.Debug|Any CPU.ActiveCfg = Debug|Any CPU
		{695AC2E5-A89C-4360-8082-89B180251264}.Debug|Any CPU.Build.0 = Debug|Any CPU
		{695AC2E5-A89C-4360-8082-89B180251264}.Debug|x64.ActiveCfg = Debug|Any CPU
		{695AC2E5-A89C-4360-8082-89B180251264}.Debug|x64.Build.0 = Debug|Any CPU
		{695AC2E5-A89C-4360-8082-89B180251264}.Debug|x86.ActiveCfg = Debug|Any CPU
		{695AC2E5-A89C-4360-8082-89B180251264}.Debug|x86.Build.0 = Debug|Any CPU
		{695AC2E5-A89C-4360-8082-89B180251264}.Release|Any CPU.ActiveCfg = Release|Any CPU
		{695AC2E5-A89C-4360-8082-89B180251264}.Release|Any CPU.Build.0 = Release|Any CPU
		{695AC2E5-A89C-4360-8082-89B180251264}.Release|x64.ActiveCfg = Release|Any CPU
		{695AC2E5-A89C-4360-8082-89B180251264}.Release|x64.Build.0 = Release|Any CPU
		{695AC2E5-A89C-4360-8082-89B180251264}.Release|x86.ActiveCfg = Release|Any CPU
		{695AC2E5-A89C-4360-8082-89B180251264}.Release|x86.Build.0 = Release|Any CPU
		{3746CA9E-04E7-45B6-A5F2-D56C0301F3BC}.Debug|Any CPU.ActiveCfg = Debug|Any CPU
		{3746CA9E-04E7-45B6-A5F2-D56C0301F3BC}.Debug|Any CPU.Build.0 = Debug|Any CPU
		{3746CA9E-04E7-45B6-A5F2-D56C0301F3BC}.Debug|x64.ActiveCfg = Debug|Any CPU
		{3746CA9E-04E7-45B6-A5F2-D56C0301F3BC}.Debug|x64.Build.0 = Debug|Any CPU
		{3746CA9E-04E7-45B6-A5F2-D56C0301F3BC}.Debug|x86.ActiveCfg = Debug|Any CPU
		{3746CA9E-04E7-45B6-A5F2-D56C0301F3BC}.Debug|x86.Build.0 = Debug|Any CPU
		{3746CA9E-04E7-45B6-A5F2-D56C0301F3BC}.Release|Any CPU.ActiveCfg = Release|Any CPU
		{3746CA9E-04E7-45B6-A5F2-D56C0301F3BC}.Release|Any CPU.Build.0 = Release|Any CPU
		{3746CA9E-04E7-45B6-A5F2-D56C0301F3BC}.Release|x64.ActiveCfg = Release|Any CPU
		{3746CA9E-04E7-45B6-A5F2-D56C0301F3BC}.Release|x64.Build.0 = Release|Any CPU
		{3746CA9E-04E7-45B6-A5F2-D56C0301F3BC}.Release|x86.ActiveCfg = Release|Any CPU
		{3746CA9E-04E7-45B6-A5F2-D56C0301F3BC}.Release|x86.Build.0 = Release|Any CPU
		{DEF3F4B2-E13E-40A0-B013-547B1C0B3AD5}.Debug|Any CPU.ActiveCfg = Debug|Any CPU
		{DEF3F4B2-E13E-40A0-B013-547B1C0B3AD5}.Debug|Any CPU.Build.0 = Debug|Any CPU
		{DEF3F4B2-E13E-40A0-B013-547B1C0B3AD5}.Debug|x64.ActiveCfg = Debug|Any CPU
		{DEF3F4B2-E13E-40A0-B013-547B1C0B3AD5}.Debug|x64.Build.0 = Debug|Any CPU
		{DEF3F4B2-E13E-40A0-B013-547B1C0B3AD5}.Debug|x86.ActiveCfg = Debug|Any CPU
		{DEF3F4B2-E13E-40A0-B013-547B1C0B3AD5}.Debug|x86.Build.0 = Debug|Any CPU
		{DEF3F4B2-E13E-40A0-B013-547B1C0B3AD5}.Release|Any CPU.ActiveCfg = Release|Any CPU
		{DEF3F4B2-E13E-40A0-B013-547B1C0B3AD5}.Release|Any CPU.Build.0 = Release|Any CPU
		{DEF3F4B2-E13E-40A0-B013-547B1C0B3AD5}.Release|x64.ActiveCfg = Release|Any CPU
		{DEF3F4B2-E13E-40A0-B013-547B1C0B3AD5}.Release|x64.Build.0 = Release|Any CPU
		{DEF3F4B2-E13E-40A0-B013-547B1C0B3AD5}.Release|x86.ActiveCfg = Release|Any CPU
		{DEF3F4B2-E13E-40A0-B013-547B1C0B3AD5}.Release|x86.Build.0 = Release|Any CPU
		{5A716550-93CB-4D58-B3B4-4CFAF42E7D3E}.Debug|Any CPU.ActiveCfg = Debug|Any CPU
		{5A716550-93CB-4D58-B3B4-4CFAF42E7D3E}.Debug|Any CPU.Build.0 = Debug|Any CPU
		{5A716550-93CB-4D58-B3B4-4CFAF42E7D3E}.Debug|x64.ActiveCfg = Debug|Any CPU
		{5A716550-93CB-4D58-B3B4-4CFAF42E7D3E}.Debug|x64.Build.0 = Debug|Any CPU
		{5A716550-93CB-4D58-B3B4-4CFAF42E7D3E}.Debug|x86.ActiveCfg = Debug|Any CPU
		{5A716550-93CB-4D58-B3B4-4CFAF42E7D3E}.Debug|x86.Build.0 = Debug|Any CPU
		{5A716550-93CB-4D58-B3B4-4CFAF42E7D3E}.Release|Any CPU.ActiveCfg = Release|Any CPU
		{5A716550-93CB-4D58-B3B4-4CFAF42E7D3E}.Release|Any CPU.Build.0 = Release|Any CPU
		{5A716550-93CB-4D58-B3B4-4CFAF42E7D3E}.Release|x64.ActiveCfg = Release|Any CPU
		{5A716550-93CB-4D58-B3B4-4CFAF42E7D3E}.Release|x64.Build.0 = Release|Any CPU
		{5A716550-93CB-4D58-B3B4-4CFAF42E7D3E}.Release|x86.ActiveCfg = Release|Any CPU
		{5A716550-93CB-4D58-B3B4-4CFAF42E7D3E}.Release|x86.Build.0 = Release|Any CPU
		{3613868D-4A9A-439F-A818-C87046643EBD}.Debug|Any CPU.ActiveCfg = Debug|Any CPU
		{3613868D-4A9A-439F-A818-C87046643EBD}.Debug|Any CPU.Build.0 = Debug|Any CPU
		{3613868D-4A9A-439F-A818-C87046643EBD}.Debug|x64.ActiveCfg = Debug|Any CPU
		{3613868D-4A9A-439F-A818-C87046643EBD}.Debug|x64.Build.0 = Debug|Any CPU
		{3613868D-4A9A-439F-A818-C87046643EBD}.Debug|x86.ActiveCfg = Debug|Any CPU
		{3613868D-4A9A-439F-A818-C87046643EBD}.Debug|x86.Build.0 = Debug|Any CPU
		{3613868D-4A9A-439F-A818-C87046643EBD}.Release|Any CPU.ActiveCfg = Release|Any CPU
		{3613868D-4A9A-439F-A818-C87046643EBD}.Release|Any CPU.Build.0 = Release|Any CPU
		{3613868D-4A9A-439F-A818-C87046643EBD}.Release|x64.ActiveCfg = Release|Any CPU
		{3613868D-4A9A-439F-A818-C87046643EBD}.Release|x64.Build.0 = Release|Any CPU
		{3613868D-4A9A-439F-A818-C87046643EBD}.Release|x86.ActiveCfg = Release|Any CPU
		{3613868D-4A9A-439F-A818-C87046643EBD}.Release|x86.Build.0 = Release|Any CPU
		{65176A93-B3DC-4659-9EB3-328EFC75963A}.Debug|Any CPU.ActiveCfg = Debug|Any CPU
		{65176A93-B3DC-4659-9EB3-328EFC75963A}.Debug|Any CPU.Build.0 = Debug|Any CPU
		{65176A93-B3DC-4659-9EB3-328EFC75963A}.Debug|x64.ActiveCfg = Debug|Any CPU
		{65176A93-B3DC-4659-9EB3-328EFC75963A}.Debug|x64.Build.0 = Debug|Any CPU
		{65176A93-B3DC-4659-9EB3-328EFC75963A}.Debug|x86.ActiveCfg = Debug|Any CPU
		{65176A93-B3DC-4659-9EB3-328EFC75963A}.Debug|x86.Build.0 = Debug|Any CPU
		{65176A93-B3DC-4659-9EB3-328EFC75963A}.Release|Any CPU.ActiveCfg = Release|Any CPU
		{65176A93-B3DC-4659-9EB3-328EFC75963A}.Release|Any CPU.Build.0 = Release|Any CPU
		{65176A93-B3DC-4659-9EB3-328EFC75963A}.Release|x64.ActiveCfg = Release|Any CPU
		{65176A93-B3DC-4659-9EB3-328EFC75963A}.Release|x64.Build.0 = Release|Any CPU
		{65176A93-B3DC-4659-9EB3-328EFC75963A}.Release|x86.ActiveCfg = Release|Any CPU
		{65176A93-B3DC-4659-9EB3-328EFC75963A}.Release|x86.Build.0 = Release|Any CPU
		{FBDFDEEE-17B7-49A6-AE07-34A27E712EC3}.Debug|Any CPU.ActiveCfg = Debug|Any CPU
		{FBDFDEEE-17B7-49A6-AE07-34A27E712EC3}.Debug|Any CPU.Build.0 = Debug|Any CPU
		{FBDFDEEE-17B7-49A6-AE07-34A27E712EC3}.Debug|x64.ActiveCfg = Debug|Any CPU
		{FBDFDEEE-17B7-49A6-AE07-34A27E712EC3}.Debug|x64.Build.0 = Debug|Any CPU
		{FBDFDEEE-17B7-49A6-AE07-34A27E712EC3}.Debug|x86.ActiveCfg = Debug|Any CPU
		{FBDFDEEE-17B7-49A6-AE07-34A27E712EC3}.Debug|x86.Build.0 = Debug|Any CPU
		{FBDFDEEE-17B7-49A6-AE07-34A27E712EC3}.Release|Any CPU.ActiveCfg = Release|Any CPU
		{FBDFDEEE-17B7-49A6-AE07-34A27E712EC3}.Release|Any CPU.Build.0 = Release|Any CPU
		{FBDFDEEE-17B7-49A6-AE07-34A27E712EC3}.Release|x64.ActiveCfg = Release|Any CPU
		{FBDFDEEE-17B7-49A6-AE07-34A27E712EC3}.Release|x64.Build.0 = Release|Any CPU
		{FBDFDEEE-17B7-49A6-AE07-34A27E712EC3}.Release|x86.ActiveCfg = Release|Any CPU
		{FBDFDEEE-17B7-49A6-AE07-34A27E712EC3}.Release|x86.Build.0 = Release|Any CPU
		{65E126FE-3EE7-494C-AFC7-BEDC80449833}.Debug|Any CPU.ActiveCfg = Debug|Any CPU
		{65E126FE-3EE7-494C-AFC7-BEDC80449833}.Debug|Any CPU.Build.0 = Debug|Any CPU
		{65E126FE-3EE7-494C-AFC7-BEDC80449833}.Debug|x64.ActiveCfg = Debug|Any CPU
		{65E126FE-3EE7-494C-AFC7-BEDC80449833}.Debug|x64.Build.0 = Debug|Any CPU
		{65E126FE-3EE7-494C-AFC7-BEDC80449833}.Debug|x86.ActiveCfg = Debug|Any CPU
		{65E126FE-3EE7-494C-AFC7-BEDC80449833}.Debug|x86.Build.0 = Debug|Any CPU
		{65E126FE-3EE7-494C-AFC7-BEDC80449833}.Release|Any CPU.ActiveCfg = Release|Any CPU
		{65E126FE-3EE7-494C-AFC7-BEDC80449833}.Release|Any CPU.Build.0 = Release|Any CPU
		{65E126FE-3EE7-494C-AFC7-BEDC80449833}.Release|x64.ActiveCfg = Release|Any CPU
		{65E126FE-3EE7-494C-AFC7-BEDC80449833}.Release|x64.Build.0 = Release|Any CPU
		{65E126FE-3EE7-494C-AFC7-BEDC80449833}.Release|x86.ActiveCfg = Release|Any CPU
		{65E126FE-3EE7-494C-AFC7-BEDC80449833}.Release|x86.Build.0 = Release|Any CPU
		{3F6BDEA3-0A17-4FAC-A17B-7CF927AB8B8C}.Debug|Any CPU.ActiveCfg = Debug|Any CPU
		{3F6BDEA3-0A17-4FAC-A17B-7CF927AB8B8C}.Debug|Any CPU.Build.0 = Debug|Any CPU
		{3F6BDEA3-0A17-4FAC-A17B-7CF927AB8B8C}.Debug|x64.ActiveCfg = Debug|Any CPU
		{3F6BDEA3-0A17-4FAC-A17B-7CF927AB8B8C}.Debug|x64.Build.0 = Debug|Any CPU
		{3F6BDEA3-0A17-4FAC-A17B-7CF927AB8B8C}.Debug|x86.ActiveCfg = Debug|Any CPU
		{3F6BDEA3-0A17-4FAC-A17B-7CF927AB8B8C}.Debug|x86.Build.0 = Debug|Any CPU
		{3F6BDEA3-0A17-4FAC-A17B-7CF927AB8B8C}.Release|Any CPU.ActiveCfg = Release|Any CPU
		{3F6BDEA3-0A17-4FAC-A17B-7CF927AB8B8C}.Release|Any CPU.Build.0 = Release|Any CPU
		{3F6BDEA3-0A17-4FAC-A17B-7CF927AB8B8C}.Release|x64.ActiveCfg = Release|Any CPU
		{3F6BDEA3-0A17-4FAC-A17B-7CF927AB8B8C}.Release|x64.Build.0 = Release|Any CPU
		{3F6BDEA3-0A17-4FAC-A17B-7CF927AB8B8C}.Release|x86.ActiveCfg = Release|Any CPU
		{3F6BDEA3-0A17-4FAC-A17B-7CF927AB8B8C}.Release|x86.Build.0 = Release|Any CPU
		{D21932FB-132F-4BCD-BE58-ED38198FAD35}.Debug|Any CPU.ActiveCfg = Debug|Any CPU
		{D21932FB-132F-4BCD-BE58-ED38198FAD35}.Debug|Any CPU.Build.0 = Debug|Any CPU
		{D21932FB-132F-4BCD-BE58-ED38198FAD35}.Debug|x64.ActiveCfg = Debug|Any CPU
		{D21932FB-132F-4BCD-BE58-ED38198FAD35}.Debug|x64.Build.0 = Debug|Any CPU
		{D21932FB-132F-4BCD-BE58-ED38198FAD35}.Debug|x86.ActiveCfg = Debug|Any CPU
		{D21932FB-132F-4BCD-BE58-ED38198FAD35}.Debug|x86.Build.0 = Debug|Any CPU
		{D21932FB-132F-4BCD-BE58-ED38198FAD35}.Release|Any CPU.ActiveCfg = Release|Any CPU
		{D21932FB-132F-4BCD-BE58-ED38198FAD35}.Release|Any CPU.Build.0 = Release|Any CPU
		{D21932FB-132F-4BCD-BE58-ED38198FAD35}.Release|x64.ActiveCfg = Release|Any CPU
		{D21932FB-132F-4BCD-BE58-ED38198FAD35}.Release|x64.Build.0 = Release|Any CPU
		{D21932FB-132F-4BCD-BE58-ED38198FAD35}.Release|x86.ActiveCfg = Release|Any CPU
		{D21932FB-132F-4BCD-BE58-ED38198FAD35}.Release|x86.Build.0 = Release|Any CPU
		{37EA79ED-E7C6-4390-878D-0386D4EF1043}.Debug|Any CPU.ActiveCfg = Debug|Any CPU
		{37EA79ED-E7C6-4390-878D-0386D4EF1043}.Debug|Any CPU.Build.0 = Debug|Any CPU
		{37EA79ED-E7C6-4390-878D-0386D4EF1043}.Debug|x64.ActiveCfg = Debug|Any CPU
		{37EA79ED-E7C6-4390-878D-0386D4EF1043}.Debug|x64.Build.0 = Debug|Any CPU
		{37EA79ED-E7C6-4390-878D-0386D4EF1043}.Debug|x86.ActiveCfg = Debug|Any CPU
		{37EA79ED-E7C6-4390-878D-0386D4EF1043}.Debug|x86.Build.0 = Debug|Any CPU
		{37EA79ED-E7C6-4390-878D-0386D4EF1043}.Release|Any CPU.ActiveCfg = Release|Any CPU
		{37EA79ED-E7C6-4390-878D-0386D4EF1043}.Release|Any CPU.Build.0 = Release|Any CPU
		{37EA79ED-E7C6-4390-878D-0386D4EF1043}.Release|x64.ActiveCfg = Release|Any CPU
		{37EA79ED-E7C6-4390-878D-0386D4EF1043}.Release|x64.Build.0 = Release|Any CPU
		{37EA79ED-E7C6-4390-878D-0386D4EF1043}.Release|x86.ActiveCfg = Release|Any CPU
		{37EA79ED-E7C6-4390-878D-0386D4EF1043}.Release|x86.Build.0 = Release|Any CPU
		{A0D4A444-9B38-4E81-B550-10391A2EB2CD}.Debug|Any CPU.ActiveCfg = Debug|Any CPU
		{A0D4A444-9B38-4E81-B550-10391A2EB2CD}.Debug|Any CPU.Build.0 = Debug|Any CPU
		{A0D4A444-9B38-4E81-B550-10391A2EB2CD}.Debug|x64.ActiveCfg = Debug|Any CPU
		{A0D4A444-9B38-4E81-B550-10391A2EB2CD}.Debug|x64.Build.0 = Debug|Any CPU
		{A0D4A444-9B38-4E81-B550-10391A2EB2CD}.Debug|x86.ActiveCfg = Debug|Any CPU
		{A0D4A444-9B38-4E81-B550-10391A2EB2CD}.Debug|x86.Build.0 = Debug|Any CPU
		{A0D4A444-9B38-4E81-B550-10391A2EB2CD}.Release|Any CPU.ActiveCfg = Release|Any CPU
		{A0D4A444-9B38-4E81-B550-10391A2EB2CD}.Release|Any CPU.Build.0 = Release|Any CPU
		{A0D4A444-9B38-4E81-B550-10391A2EB2CD}.Release|x64.ActiveCfg = Release|Any CPU
		{A0D4A444-9B38-4E81-B550-10391A2EB2CD}.Release|x64.Build.0 = Release|Any CPU
		{A0D4A444-9B38-4E81-B550-10391A2EB2CD}.Release|x86.ActiveCfg = Release|Any CPU
		{A0D4A444-9B38-4E81-B550-10391A2EB2CD}.Release|x86.Build.0 = Release|Any CPU
		{2797CB03-4A01-4674-A17E-3B3D6550C144}.Debug|Any CPU.ActiveCfg = Debug|Any CPU
		{2797CB03-4A01-4674-A17E-3B3D6550C144}.Debug|Any CPU.Build.0 = Debug|Any CPU
		{2797CB03-4A01-4674-A17E-3B3D6550C144}.Debug|x64.ActiveCfg = Debug|Any CPU
		{2797CB03-4A01-4674-A17E-3B3D6550C144}.Debug|x64.Build.0 = Debug|Any CPU
		{2797CB03-4A01-4674-A17E-3B3D6550C144}.Debug|x86.ActiveCfg = Debug|Any CPU
		{2797CB03-4A01-4674-A17E-3B3D6550C144}.Debug|x86.Build.0 = Debug|Any CPU
		{2797CB03-4A01-4674-A17E-3B3D6550C144}.Release|Any CPU.ActiveCfg = Release|Any CPU
		{2797CB03-4A01-4674-A17E-3B3D6550C144}.Release|Any CPU.Build.0 = Release|Any CPU
		{2797CB03-4A01-4674-A17E-3B3D6550C144}.Release|x64.ActiveCfg = Release|Any CPU
		{2797CB03-4A01-4674-A17E-3B3D6550C144}.Release|x64.Build.0 = Release|Any CPU
		{2797CB03-4A01-4674-A17E-3B3D6550C144}.Release|x86.ActiveCfg = Release|Any CPU
		{2797CB03-4A01-4674-A17E-3B3D6550C144}.Release|x86.Build.0 = Release|Any CPU
		{9E8765F2-F5EC-4139-BC22-FF9EBA06BB5B}.Debug|Any CPU.ActiveCfg = Debug|Any CPU
		{9E8765F2-F5EC-4139-BC22-FF9EBA06BB5B}.Debug|Any CPU.Build.0 = Debug|Any CPU
		{9E8765F2-F5EC-4139-BC22-FF9EBA06BB5B}.Debug|x64.ActiveCfg = Debug|Any CPU
		{9E8765F2-F5EC-4139-BC22-FF9EBA06BB5B}.Debug|x64.Build.0 = Debug|Any CPU
		{9E8765F2-F5EC-4139-BC22-FF9EBA06BB5B}.Debug|x86.ActiveCfg = Debug|Any CPU
		{9E8765F2-F5EC-4139-BC22-FF9EBA06BB5B}.Debug|x86.Build.0 = Debug|Any CPU
		{9E8765F2-F5EC-4139-BC22-FF9EBA06BB5B}.Release|Any CPU.ActiveCfg = Release|Any CPU
		{9E8765F2-F5EC-4139-BC22-FF9EBA06BB5B}.Release|Any CPU.Build.0 = Release|Any CPU
		{9E8765F2-F5EC-4139-BC22-FF9EBA06BB5B}.Release|x64.ActiveCfg = Release|Any CPU
		{9E8765F2-F5EC-4139-BC22-FF9EBA06BB5B}.Release|x64.Build.0 = Release|Any CPU
		{9E8765F2-F5EC-4139-BC22-FF9EBA06BB5B}.Release|x86.ActiveCfg = Release|Any CPU
		{9E8765F2-F5EC-4139-BC22-FF9EBA06BB5B}.Release|x86.Build.0 = Release|Any CPU
		{5B95D60A-B69E-4A4F-821B-91A187DF3B73}.Debug|Any CPU.ActiveCfg = Debug|Any CPU
		{5B95D60A-B69E-4A4F-821B-91A187DF3B73}.Debug|Any CPU.Build.0 = Debug|Any CPU
		{5B95D60A-B69E-4A4F-821B-91A187DF3B73}.Debug|x64.ActiveCfg = Debug|Any CPU
		{5B95D60A-B69E-4A4F-821B-91A187DF3B73}.Debug|x64.Build.0 = Debug|Any CPU
		{5B95D60A-B69E-4A4F-821B-91A187DF3B73}.Debug|x86.ActiveCfg = Debug|Any CPU
		{5B95D60A-B69E-4A4F-821B-91A187DF3B73}.Debug|x86.Build.0 = Debug|Any CPU
		{5B95D60A-B69E-4A4F-821B-91A187DF3B73}.Release|Any CPU.ActiveCfg = Release|Any CPU
		{5B95D60A-B69E-4A4F-821B-91A187DF3B73}.Release|Any CPU.Build.0 = Release|Any CPU
		{5B95D60A-B69E-4A4F-821B-91A187DF3B73}.Release|x64.ActiveCfg = Release|Any CPU
		{5B95D60A-B69E-4A4F-821B-91A187DF3B73}.Release|x64.Build.0 = Release|Any CPU
		{5B95D60A-B69E-4A4F-821B-91A187DF3B73}.Release|x86.ActiveCfg = Release|Any CPU
		{5B95D60A-B69E-4A4F-821B-91A187DF3B73}.Release|x86.Build.0 = Release|Any CPU
		{D2B498A7-E02C-4F31-B148-FA113329D2FC}.Debug|Any CPU.ActiveCfg = Debug|Any CPU
		{D2B498A7-E02C-4F31-B148-FA113329D2FC}.Debug|Any CPU.Build.0 = Debug|Any CPU
		{D2B498A7-E02C-4F31-B148-FA113329D2FC}.Debug|x64.ActiveCfg = Debug|Any CPU
		{D2B498A7-E02C-4F31-B148-FA113329D2FC}.Debug|x64.Build.0 = Debug|Any CPU
		{D2B498A7-E02C-4F31-B148-FA113329D2FC}.Debug|x86.ActiveCfg = Debug|Any CPU
		{D2B498A7-E02C-4F31-B148-FA113329D2FC}.Debug|x86.Build.0 = Debug|Any CPU
		{D2B498A7-E02C-4F31-B148-FA113329D2FC}.Release|Any CPU.ActiveCfg = Release|Any CPU
		{D2B498A7-E02C-4F31-B148-FA113329D2FC}.Release|Any CPU.Build.0 = Release|Any CPU
		{D2B498A7-E02C-4F31-B148-FA113329D2FC}.Release|x64.ActiveCfg = Release|Any CPU
		{D2B498A7-E02C-4F31-B148-FA113329D2FC}.Release|x64.Build.0 = Release|Any CPU
		{D2B498A7-E02C-4F31-B148-FA113329D2FC}.Release|x86.ActiveCfg = Release|Any CPU
		{D2B498A7-E02C-4F31-B148-FA113329D2FC}.Release|x86.Build.0 = Release|Any CPU
		{ECB0CA81-AA8B-41D5-B782-26D7C881772A}.Debug|Any CPU.ActiveCfg = Debug|Any CPU
		{ECB0CA81-AA8B-41D5-B782-26D7C881772A}.Debug|Any CPU.Build.0 = Debug|Any CPU
		{ECB0CA81-AA8B-41D5-B782-26D7C881772A}.Debug|x64.ActiveCfg = Debug|Any CPU
		{ECB0CA81-AA8B-41D5-B782-26D7C881772A}.Debug|x64.Build.0 = Debug|Any CPU
		{ECB0CA81-AA8B-41D5-B782-26D7C881772A}.Debug|x86.ActiveCfg = Debug|Any CPU
		{ECB0CA81-AA8B-41D5-B782-26D7C881772A}.Debug|x86.Build.0 = Debug|Any CPU
		{ECB0CA81-AA8B-41D5-B782-26D7C881772A}.Release|Any CPU.ActiveCfg = Release|Any CPU
		{ECB0CA81-AA8B-41D5-B782-26D7C881772A}.Release|Any CPU.Build.0 = Release|Any CPU
		{ECB0CA81-AA8B-41D5-B782-26D7C881772A}.Release|x64.ActiveCfg = Release|Any CPU
		{ECB0CA81-AA8B-41D5-B782-26D7C881772A}.Release|x64.Build.0 = Release|Any CPU
		{ECB0CA81-AA8B-41D5-B782-26D7C881772A}.Release|x86.ActiveCfg = Release|Any CPU
		{ECB0CA81-AA8B-41D5-B782-26D7C881772A}.Release|x86.Build.0 = Release|Any CPU
	EndGlobalSection
	GlobalSection(SolutionProperties) = preSolution
		HideSolutionNode = FALSE
	EndGlobalSection
	GlobalSection(NestedProjects) = preSolution
		{832FCAA2-A072-42B8-BD4F-BA953159AFE6} = {26DBFC19-437C-4F90-1A5A-542F2D728CEE}
		{D7F0EA71-6E25-4195-9325-6EB9865EF94B} = {26DBFC19-437C-4F90-1A5A-542F2D728CEE}
		{049B6E14-3721-443C-8008-1A4B3D5048F7} = {26DBFC19-437C-4F90-1A5A-542F2D728CEE}
		{410A70D2-EA80-42CC-9598-4C7E7AC046E9} = {26DBFC19-437C-4F90-1A5A-542F2D728CEE}
		{599F2CFA-5CB2-421C-B2FC-C22C7493C5D9} = {26DBFC19-437C-4F90-1A5A-542F2D728CEE}
		{636D4C92-A3F5-47F3-A119-6A582162C35D} = {26DBFC19-437C-4F90-1A5A-542F2D728CEE}
		{695AC2E5-A89C-4360-8082-89B180251264} = {26DBFC19-437C-4F90-1A5A-542F2D728CEE}
		{3746CA9E-04E7-45B6-A5F2-D56C0301F3BC} = {26DBFC19-437C-4F90-1A5A-542F2D728CEE}
		{DEF3F4B2-E13E-40A0-B013-547B1C0B3AD5} = {26DBFC19-437C-4F90-1A5A-542F2D728CEE}
		{5A716550-93CB-4D58-B3B4-4CFAF42E7D3E} = {26DBFC19-437C-4F90-1A5A-542F2D728CEE}
		{3613868D-4A9A-439F-A818-C87046643EBD} = {26DBFC19-437C-4F90-1A5A-542F2D728CEE}
		{65176A93-B3DC-4659-9EB3-328EFC75963A} = {56A9F078-40C9-3DDD-7DA3-B5A4BF238A7F}
		{FBDFDEEE-17B7-49A6-AE07-34A27E712EC3} = {56A9F078-40C9-3DDD-7DA3-B5A4BF238A7F}
		{65E126FE-3EE7-494C-AFC7-BEDC80449833} = {56A9F078-40C9-3DDD-7DA3-B5A4BF238A7F}
		{3F6BDEA3-0A17-4FAC-A17B-7CF927AB8B8C} = {56A9F078-40C9-3DDD-7DA3-B5A4BF238A7F}
		{D21932FB-132F-4BCD-BE58-ED38198FAD35} = {56A9F078-40C9-3DDD-7DA3-B5A4BF238A7F}
		{37EA79ED-E7C6-4390-878D-0386D4EF1043} = {AAFBD153-24CA-142F-8D87-E9EA6ABB24FE}
		{A0D4A444-9B38-4E81-B550-10391A2EB2CD} = {AAFBD153-24CA-142F-8D87-E9EA6ABB24FE}
		{2797CB03-4A01-4674-A17E-3B3D6550C144} = {AAFBD153-24CA-142F-8D87-E9EA6ABB24FE}
		{9E8765F2-F5EC-4139-BC22-FF9EBA06BB5B} = {AAFBD153-24CA-142F-8D87-E9EA6ABB24FE}
		{5B95D60A-B69E-4A4F-821B-91A187DF3B73} = {AAFBD153-24CA-142F-8D87-E9EA6ABB24FE}
		{D2B498A7-E02C-4F31-B148-FA113329D2FC} = {AAFBD153-24CA-142F-8D87-E9EA6ABB24FE}
		{ECB0CA81-AA8B-41D5-B782-26D7C881772A} = {AAFBD153-24CA-142F-8D87-E9EA6ABB24FE}
	EndGlobalSection
EndGlobal
